
Microsoft Visual Studio Solution File, Format Version 12.00
# Visual Studio Version 16
VisualStudioVersion = 16.0.30611.23
MinimumVisualStudioVersion = 10.0.40219.1
Project("{FAE04EC0-301F-11D3-BF4B-00C04F79EFBC}") = "COVID19TriC", "COVID19TriC.csproj", "{C44D2998-4501-465B-81CE-E1F7A7B6B34D}"
EndProject
Global
	GlobalSection(SolutionConfigurationPlatforms) = preSolution
		Debug|Any CPU = Debug|Any CPU
		Release|Any CPU = Release|Any CPU
	EndGlobalSection
	GlobalSection(ProjectConfigurationPlatforms) = postSolution
		{C44D2998-4501-465B-81CE-E1F7A7B6B34D}.Debug|Any CPU.ActiveCfg = Debug|Any CPU
		{C44D2998-4501-465B-81CE-E1F7A7B6B34D}.Debug|Any CPU.Build.0 = Debug|Any CPU
		{C44D2998-4501-465B-81CE-E1F7A7B6B34D}.Release|Any CPU.ActiveCfg = Release|Any CPU
		{C44D2998-4501-465B-81CE-E1F7A7B6B34D}.Release|Any CPU.Build.0 = Release|Any CPU
	EndGlobalSection
	GlobalSection(SolutionProperties) = preSolution
		HideSolutionNode = FALSE
	EndGlobalSection
	GlobalSection(ExtensibilityGlobals) = postSolution
		SolutionGuid = {263C2649-8B17-43CE-95C6-7338022BF290}
	EndGlobalSection
EndGlobal
